
Microsoft Visual Studio Solution File, Format Version 12.00
# Visual Studio Version 17
VisualStudioVersion = 17.11.35222.181
MinimumVisualStudioVersion = 10.0.40219.1
Project("{9A19103F-16F7-4668-BE54-9A1E7A4F7556}") = "BlazorSpecialProjectFinal", "BlazorSpecialProjectFinal\BlazorSpecialProjectFinal.csproj", "{92EFD78A-6A99-40EE-9D68-F415F32B0EED}"
EndProject
Global
	GlobalSection(SolutionConfigurationPlatforms) = preSolution
		Debug|Any CPU = Debug|Any CPU
		Release|Any CPU = Release|Any CPU
	EndGlobalSection
	GlobalSection(ProjectConfigurationPlatforms) = postSolution
		{92EFD78A-6A99-40EE-9D68-F415F32B0EED}.Debug|Any CPU.ActiveCfg = Debug|Any CPU
		{92EFD78A-6A99-40EE-9D68-F415F32B0EED}.Debug|Any CPU.Build.0 = Debug|Any CPU
		{92EFD78A-6A99-40EE-9D68-F415F32B0EED}.Release|Any CPU.ActiveCfg = Release|Any CPU
		{92EFD78A-6A99-40EE-9D68-F415F32B0EED}.Release|Any CPU.Build.0 = Release|Any CPU
	EndGlobalSection
	GlobalSection(SolutionProperties) = preSolution
		HideSolutionNode = FALSE
	EndGlobalSection
	GlobalSection(ExtensibilityGlobals) = postSolution
		SolutionGuid = {2B0365E0-815D-4F11-A7D2-9236B6634646}
	EndGlobalSection
EndGlobal
